{
  "nodes": {
    "nixpkgs": {
      "locked": {
        "lastModified": 1784988916,
        "narHash": "sha256-7zdGli10xYFc1D5RrGAWHEsOde3jVwt0OiEKJueb8Hs=",
        "ref": "nixpkgs-26.05-darwin",
        "rev": "6ee4c7bd27e897d8ff755ecd1570e9745ef8090a",
        "shallow": true,
        "type": "git",
        "url": "https://github.com/NixOS/nixpkgs"
      },
      "original": {
        "ref": "nixpkgs-26.05-darwin",
        "shallow": true,
        "type": "git",
        "url": "https://github.com/NixOS/nixpkgs"
      }
    },
    "root": {
      "inputs": {
        "nixpkgs": "nixpkgs"
      }
    }
  },
  "root": "root",
  "version": 7
}
